# This lock file was generated by conda-lock (https://github.com/conda-incubator/conda-lock). DO NOT EDIT!
#
# A "lock file" contains a concrete list of package versions (with checksums) to be installed. Unlike
# e.g. `conda env create`, the resulting environment will not change as new package versions become
# available, unless you explicitly update the lock file.
#
# Install this environment as "YOURENV" with:
#     conda-lock install -n YOURENV --file conda-lock.yml
# To update a single package to the latest version compatible with the version constraints in the source:
#     conda-lock lock --lockfile conda-lock.yml --update PACKAGE
# To re-solve the entire environment, e.g. after changing a version constraint in the source file:
#     conda-lock -f /home/lgblkb/PycharmProjects/project_template/env.yaml --lockfile conda-lock.yml
metadata:
  channels:
  - url: conda-forge
    used_env_vars: []
  content_hash:
    linux-64: 51b570aff3d45e7494ae874cc20c6c6ebe5eb94141fad39c8abde3c36c161ba7
  platforms:
  - linux-64
  sources:
  - /home/lgblkb/PycharmProjects/project_template/env.yaml
package:
- category: main
  dependencies: {}
  hash:
    md5: d7c89558ba9fa0495403155b64376d81
    sha256: fe51de6107f9edc7aa4f786a70f4a883943bc9d39b3bb7307c04c41410990726
  manager: conda
  name: _libgcc_mutex
  optional: false
  platform: linux-64
  url: https://conda.anaconda.org/conda-forge/linux-64/_libgcc_mutex-0.1-conda_forge.tar.bz2
  version: '0.1'
- category: main
  dependencies: {}
  hash:
    md5: ff9f73d45c4a07d6f424495288a26080
    sha256: 8f6c81b0637771ae0ea73dc03a6d30bec3326ba3927f2a7b91931aa2d59b1789
  manager: conda
  name: ca-certificates
  optional: false
  platform: linux-64
  url: https://conda.anaconda.org/conda-forge/linux-64/ca-certificates-2022.12.7-ha878542_0.conda
  version: 2022.12.7
- category: main
  dependencies: {}
  hash:
    md5: 737be0d34c22d24432049ab7a3214de4
    sha256: 3e7f203e33ea497b6e468279cc5fdef7d556473c25e7466b35fd672940392469
  manager: conda
  name: ld_impl_linux-64
  optional: false
  platform: linux-64
  url: https://conda.anaconda.org/conda-forge/linux-64/ld_impl_linux-64-2.39-hcc3a1bd_1.conda
  version: '2.39'
- category: main
  dependencies: {}
  hash:
    md5: 164b4b1acaedc47ee7e658ae6b308ca3
    sha256: 03ea784edd12037dc3a7a0078ff3f9c3383feabb34d5ba910bb2fd7a21a2d961
  manager: conda
  name: libgfortran5
  optional: false
  platform: linux-64
  url: https://conda.anaconda.org/conda-forge/linux-64/libgfortran5-12.2.0-h337968e_19.tar.bz2
  version: 12.2.0
- category: main
  dependencies: {}
  hash:
    md5: 1030b1f38c129f2634eae026f704fe60
    sha256: 0289e6a7b9a5249161a3967909e12dcfb4ab4475cdede984635d3fb65c606f08
  manager: conda
  name: libstdcxx-ng
  optional: false
  platform: linux-64
  url: https://conda.anaconda.org/conda-forge/linux-64/libstdcxx-ng-12.2.0-h46fd767_19.tar.bz2
  version: 12.2.0
- category: main
  dependencies: {}
  hash:
    md5: 4eb33d14d794b0f4be116443ffed3853
    sha256: bcb15db27eb6fbc0fe15d23aa60dcfa58ef451d92771441068d4a911aea7bb9f
  manager: conda
  name: python_abi
  optional: false
  platform: linux-64
  url: https://conda.anaconda.org/conda-forge/linux-64/python_abi-3.10-3_cp310.conda
  version: '3.10'
- category: main
  dependencies: {}
  hash:
    md5: 51fc4fcfb19f5d95ffc8c339db5068e8
    sha256: 0bfae0b9962bc0dbf79048f9175b913ed4f53c4310d06708dc7acbb290ad82f6
  manager: conda
  name: tzdata
  optional: false
  platform: linux-64
  url: https://conda.anaconda.org/conda-forge/noarch/tzdata-2022g-h191b570_0.conda
  version: 2022g
- category: main
  dependencies:
    libgfortran5: 12.2.0 h337968e_19
  hash:
    md5: cd7a806282c16e1f2d39a7e80d3a3e0d
    sha256: c7d061f323e80fbc09564179073d8af303bf69b953b0caddcf79b47e352c746f
  manager: conda
  name: libgfortran-ng
  optional: false
  platform: linux-64
  url: https://conda.anaconda.org/conda-forge/linux-64/libgfortran-ng-12.2.0-h69a702a_19.tar.bz2
  version: 12.2.0
- category: main
  dependencies:
    _libgcc_mutex: 0.1 conda_forge
  hash:
    md5: cedcee7c064c01c403f962c9e8d3c373
    sha256: 81a76d20cfdee9fe0728b93ef057ba93494fd1450d42bc3717af4e468235661e
  manager: conda
  name: libgomp
  optional: false
  platform: linux-64
  url: https://conda.anaconda.org/conda-forge/linux-64/libgomp-12.2.0-h65d4601_19.tar.bz2
  version: 12.2.0
- category: main
  dependencies:
    _libgcc_mutex: 0.1 conda_forge
    libgomp: '>=7.5.0'
  hash:
    md5: 73aaf86a425cc6e73fcf236a5a46396d
    sha256: fbe2c5e56a653bebb982eda4876a9178aedfc2b545f25d0ce9c4c0b508253d22
  manager: conda
  name: _openmp_mutex
  optional: false
  platform: linux-64
  url: https://conda.anaconda.org/conda-forge/linux-64/_openmp_mutex-4.5-2_gnu.tar.bz2
  version: '4.5'
- category: main
  dependencies:
    _libgcc_mutex: 0.1 conda_forge
    _openmp_mutex: '>=4.5'
  hash:
    md5: e4c94f80aef025c17ab0828cd85ef535
    sha256: f3899c26824cee023f1e360bd0859b0e149e2b3e8b1668bc6dd04bfc70dcd659
  manager: conda
  name: libgcc-ng
  optional: false
  platform: linux-64
  url: https://conda.anaconda.org/conda-forge/linux-64/libgcc-ng-12.2.0-h65d4601_19.tar.bz2
  version: 12.2.0
- category: main
  dependencies:
    libgcc-ng: '>=9.3.0'
  hash:
    md5: a1fd65c7ccbf10880423d82bca54eb54
    sha256: cb521319804640ff2ad6a9f118d972ed76d86bea44e5626c09a13d38f562e1fa
  manager: conda
  name: bzip2
  optional: false
  platform: linux-64
  url: https://conda.anaconda.org/conda-forge/linux-64/bzip2-1.0.8-h7f98852_4.tar.bz2
  version: 1.0.8
- category: main
  dependencies:
    libgcc-ng: '>=10.3.0'
    libstdcxx-ng: '>=10.3.0'
  hash:
    md5: 87473a15119779e021c314249d4b4aed
    sha256: 1d7950f3be4637ab915d886304e57731d39a41ab705ffc95c4681655c459374a
  manager: conda
  name: icu
  optional: false
  platform: linux-64
  url: https://conda.anaconda.org/conda-forge/linux-64/icu-70.1-h27087fc_0.tar.bz2
  version: '70.1'
- category: main
  dependencies:
    libgcc-ng: '>=9.4.0'
  hash:
    md5: d645c6d2ac96843a2bfaccd2d62b3ac3
    sha256: ab6e9856c21709b7b517e940ae7028ae0737546122f83c2aa5d692860c3b149e
  manager: conda
  name: libffi
  optional: false
  platform: linux-64
  url: https://conda.anaconda.org/conda-forge/linux-64/libffi-3.4.2-h7f98852_5.tar.bz2
  version: 3.4.2
- category: main
  dependencies:
    libgcc-ng: '>=9.4.0'
  hash:
    md5: 39b1328babf85c7c3a61636d9cd50206
    sha256: 32f4fb94d99946b0dabfbbfd442b25852baf909637f2eed1ffe3baea15d02aad
  manager: conda
  name: libnsl
  optional: false
  platform: linux-64
  url: https://conda.anaconda.org/conda-forge/linux-64/libnsl-2.0.0-h7f98852_0.tar.bz2
  version: 2.0.0
- category: main
  dependencies:
    libgcc-ng: '>=12'
    libgfortran-ng: ''
    libgfortran5: '>=10.4.0'
  hash:
    md5: 8c5963a49b6035c40646a763293fbb35
    sha256: 018372af663987265cb3ca8f37ac8c22b5f39219f65a0c162b056a30af11bba0
  manager: conda
  name: libopenblas
  optional: false
  platform: linux-64
  url: https://conda.anaconda.org/conda-forge/linux-64/libopenblas-0.3.21-pthreads_h78a6416_3.tar.bz2
  version: 0.3.21
- category: main
  dependencies:
    libgcc-ng: '>=9.3.0'
  hash:
    md5: 772d69f030955d9646d3d0eaf21d859d
    sha256: 54f118845498353c936826f8da79b5377d23032bcac8c4a02de2019e26c3f6b3
  manager: conda
  name: libuuid
  optional: false
  platform: linux-64
  url: https://conda.anaconda.org/conda-forge/linux-64/libuuid-2.32.1-h7f98852_1000.tar.bz2
  version: 2.32.1
- category: main
  dependencies:
    libgcc-ng: '>=12'
  hash:
    md5: f3f9de449d32ca9b9c66a22863c96f41
    sha256: 22f3663bcf294d349327e60e464a51cd59664a71b8ed70c28a9f512d10bc77dd
  manager: conda
  name: libzlib
  optional: false
  platform: linux-64
  url: https://conda.anaconda.org/conda-forge/linux-64/libzlib-1.2.13-h166bdaf_4.tar.bz2
  version: 1.2.13
- category: main
  dependencies:
    libgcc-ng: '>=10.3.0'
  hash:
    md5: 4acfc691e64342b9dae57cf2adc63238
    sha256: b801e8cf4b2c9a30bce5616746c6c2a4e36427f045b46d9fc08a4ed40a9f7065
  manager: conda
  name: ncurses
  optional: false
  platform: linux-64
  url: https://conda.anaconda.org/conda-forge/linux-64/ncurses-6.3-h27087fc_1.tar.bz2
  version: '6.3'
- category: main
  dependencies:
    ca-certificates: ''
    libgcc-ng: '>=12'
  hash:
    md5: 7adaac6ff98219bcb99b45e408b80f4e
    sha256: d9143f6d10e7edaa8cbb03e510d60c54463f4538c01f30b0abff51def582d94e
  manager: conda
  name: openssl
  optional: false
  platform: linux-64
  url: https://conda.anaconda.org/conda-forge/linux-64/openssl-3.0.7-h0b41bf4_1.conda
  version: 3.0.7
- category: main
  dependencies:
    libgcc-ng: '>=12'
  hash:
    md5: 2161070d867d1b1204ea749c8eec4ef0
    sha256: 03a6d28ded42af8a347345f82f3eebdd6807a08526d47899a42d62d319609162
  manager: conda
  name: xz
  optional: false
  platform: linux-64
  url: https://conda.anaconda.org/conda-forge/linux-64/xz-5.2.6-h166bdaf_0.tar.bz2
  version: 5.2.6
- category: main
  dependencies:
    libopenblas: '>=0.3.21,<1.0a0'
  hash:
    md5: d9b7a8639171f6c6fa0a983edabcfe2b
    sha256: 4e4c60d3fe0b95ffb25911dace509e3532979f5deef4364141c533c5ca82dd39
  manager: conda
  name: libblas
  optional: false
  platform: linux-64
  url: https://conda.anaconda.org/conda-forge/linux-64/libblas-3.9.0-16_linux64_openblas.tar.bz2
  version: 3.9.0
- category: main
  dependencies:
    libgcc-ng: '>=12'
    libzlib: '>=1.2.13,<1.3.0a0'
  hash:
    md5: 2e5f9a37d487e1019fd4d8113adb2f9f
    sha256: 6008a0b914bd1a3510a3dba38eada93aa0349ebca3a21e5fa276833c8205bf49
  manager: conda
  name: libsqlite
  optional: false
  platform: linux-64
  url: https://conda.anaconda.org/conda-forge/linux-64/libsqlite-3.40.0-h753d276_0.tar.bz2
  version: 3.40.0
- category: main
  dependencies:
    libgcc-ng: '>=12'
    ncurses: '>=6.3,<7.0a0'
  hash:
    md5: db2ebbe2943aae81ed051a6a9af8e0fa
    sha256: f5f383193bdbe01c41cb0d6f99fec68e820875e842e6e8b392dbe1a9b6c43ed8
  manager: conda
  name: readline
  optional: false
  platform: linux-64
  url: https://conda.anaconda.org/conda-forge/linux-64/readline-8.1.2-h0f457ee_0.tar.bz2
  version: 8.1.2
- category: main
  dependencies:
    libgcc-ng: '>=9.4.0'
    libzlib: '>=1.2.11,<1.3.0a0'
  hash:
    md5: 5b8c42eb62e9fc961af70bdd6a26e168
    sha256: 032fd769aad9d4cad40ba261ab222675acb7ec951a8832455fce18ef33fa8df0
  manager: conda
  name: tk
  optional: false
  platform: linux-64
  url: https://conda.anaconda.org/conda-forge/linux-64/tk-8.6.12-h27826a3_0.tar.bz2
  version: 8.6.12
- category: main
  dependencies:
    libgcc-ng: '>=12'
    libstdcxx-ng: '>=12'
    libzlib: '>=1.2.12,<1.3.0a0'
  hash:
    md5: adcf0be7897e73e312bd24353b613f74
    sha256: c42d9ec413edd7e984b6cac676997105d0f106556a0f045961153b049b95b87c
  manager: conda
  name: zstd
  optional: false
  platform: linux-64
  url: https://conda.anaconda.org/conda-forge/linux-64/zstd-1.5.2-h6239696_4.tar.bz2
  version: 1.5.2
- category: main
  dependencies:
    bzip2: '>=1.0.8,<2.0a0'
    icu: '>=70.1,<71.0a0'
    libgcc-ng: '>=12'
    libstdcxx-ng: '>=12'
    libzlib: '>=1.2.12,<1.3.0a0'
    xz: '>=5.2.5,<5.3.0a0'
    zstd: '>=1.5.2,<1.6.0a0'
  hash:
    md5: e9fa59cb12cd63f9b608b643a201105a
    sha256: 8ad92f90de3e33a927a1e573f6fc8c4e2126080b200a3ead114972ec89ae8035
  manager: conda
  name: boost-cpp
  optional: false
  platform: linux-64
  url: https://conda.anaconda.org/conda-forge/linux-64/boost-cpp-1.80.0-h75c5d50_0.tar.bz2
  version: 1.80.0
- category: main
  dependencies:
    libblas: 3.9.0 16_linux64_openblas
  hash:
    md5: 20bae26d0a1db73f758fc3754cab4719
    sha256: e4ceab90a49cb3ac1af20177016dc92066aa278eded19646bb928d261b98367f
  manager: conda
  name: libcblas
  optional: false
  platform: linux-64
  url: https://conda.anaconda.org/conda-forge/linux-64/libcblas-3.9.0-16_linux64_openblas.tar.bz2
  version: 3.9.0
- category: main
  dependencies:
    libblas: 3.9.0 16_linux64_openblas
  hash:
    md5: 955d993f41f9354bf753d29864ea20ad
    sha256: f5f30b8049dfa368599e5a08a4f35cb1966af0abc539d1fd1f50d93db76a74e6
  manager: conda
  name: liblapack
  optional: false
  platform: linux-64
  url: https://conda.anaconda.org/conda-forge/linux-64/liblapack-3.9.0-16_linux64_openblas.tar.bz2
  version: 3.9.0
- category: main
  dependencies:
    bzip2: '>=1.0.8,<2.0a0'
    ld_impl_linux-64: '>=2.36.1'
    libffi: '>=3.4,<4.0a0'
    libgcc-ng: '>=12'
    libnsl: '>=2.0.0,<2.1.0a0'
    libsqlite: '>=3.40.0,<4.0a0'
    libuuid: '>=2.32.1,<3.0a0'
    libzlib: '>=1.2.13,<1.3.0a0'
    ncurses: '>=6.3,<7.0a0'
    openssl: '>=3.0.7,<4.0a0'
    readline: '>=8.1.2,<9.0a0'
    tk: '>=8.6.12,<8.7.0a0'
    tzdata: ''
    xz: '>=5.2.6,<6.0a0'
  hash:
    md5: be2a6d78752c2ab85f360ce37d2c64e2
    sha256: 79cc250d8f85da29c7a06116a51db4c9efbd46f62f21daef6cf10e8bccdc0523
  manager: conda
  name: python
  optional: false
  platform: linux-64
  url: https://conda.anaconda.org/conda-forge/linux-64/python-3.10.8-h4a9ceb5_0_cpython.conda
  version: 3.10.8
- category: main
  dependencies:
    python: 2.7.*|>=3.4
  hash:
    md5: 102d34623305b14e0a4f542d9694a0e2
    sha256: 4b48e554dd09f974fb6263f4ae157202427144250e58196397204971f6943d61
  manager: conda
  name: boltons
  optional: false
  platform: linux-64
  url: https://conda.anaconda.org/conda-forge/noarch/boltons-21.0.0-pyhd8ed1ab_0.tar.bz2
  version: 21.0.0
- category: main
  dependencies:
    python: '>=3.7'
  hash:
    md5: fb9addc3db06e56abe03e0e9f21a63e6
    sha256: 5e22af4776700200fab2c1df41a2188ab9cfe90a50c4f388592bb978562c88ec
  manager: conda
  name: certifi
  optional: false
  platform: linux-64
  url: https://conda.anaconda.org/conda-forge/noarch/certifi-2022.12.7-pyhd8ed1ab_0.conda
  version: 2022.12.7
- category: main
  dependencies:
    libgcc-ng: '>=12'
    libstdcxx-ng: '>=12'
    python: '>=3.10,<3.11.0a0'
    python_abi: 3.10.* *_cp310
  hash:
    md5: 20e882881d936dc1ff7ac37fe1bd92e1
    sha256: 2d4420b5a077b6482e0952f6d26e3599a815da8ceac9210b62168034c2eecdce
  manager: conda
  name: cython
  optional: false
  platform: linux-64
  url: https://conda.anaconda.org/conda-forge/linux-64/cython-0.29.32-py310hd8f1fbe_1.tar.bz2
  version: 0.29.32
- category: main
  dependencies:
    python: ''
  hash:
    md5: 914d6646c4dbb1fd3ff539830a12fd71
    sha256: 5dec948932c4f740674b1afb551223ada0c55103f4c7bf86a110454da3d27cb8
  manager: conda
  name: hpack
  optional: false
  platform: linux-64
  url: https://conda.anaconda.org/conda-forge/noarch/hpack-4.0.0-pyh9f0ad1d_0.tar.bz2
  version: 4.0.0
- category: main
  dependencies:
    python: '>=3.6'
  hash:
    md5: 9f765cbfab6870c8435b9eefecd7a1f4
    sha256: e374a9d0f53149328134a8d86f5d72bca4c6dcebed3c0ecfa968c02996289330
  manager: conda
  name: hyperframe
  optional: false
  platform: linux-64
  url: https://conda.anaconda.org/conda-forge/noarch/hyperframe-6.0.1-pyhd8ed1ab_0.tar.bz2
  version: 6.0.1
- category: main
  dependencies:
    python: '>=3.6'
  hash:
    md5: 34272b248891bddccc64479f9a7fffed
    sha256: 9887c35c374ec1847f167292d3fde023cb4c994a4ceeec283072b95440131f09
  manager: conda
  name: idna
  optional: false
  platform: linux-64
  url: https://conda.anaconda.org/conda-forge/noarch/idna-3.4-pyhd8ed1ab_0.tar.bz2
  version: '3.4'
- category: main
  dependencies:
    python: '>=3.10,<3.11.0a0'
    python_abi: 3.10.* *_cp310
  hash:
    md5: 63995a6d7323a83eb1c9cbde5a8435e6
    sha256: 719b11562f270454e9054e66734e18b76a3269a3950c1fd8f6b02f201ba96003
  manager: conda
  name: loguru
  optional: false
  platform: linux-64
  url: https://conda.anaconda.org/conda-forge/linux-64/loguru-0.6.0-py310hff52083_2.tar.bz2
  version: 0.6.0
- category: main
  dependencies:
    python: '>=3.6'
  hash:
    md5: 9b6ad26944f19f599800b068e0582227
    sha256: 9b13d47aab2ee2708157bf90244915652b9d2ceaee9952694cfd5caff3559fbc
  manager: conda
  name: more-itertools
  optional: false
  platform: linux-64
  url: https://conda.anaconda.org/conda-forge/noarch/more-itertools-9.0.0-pyhd8ed1ab_0.tar.bz2
  version: 9.0.0
- category: main
  dependencies:
    libblas: '>=3.9.0,<4.0a0'
    libcblas: '>=3.9.0,<4.0a0'
    libgcc-ng: '>=12'
    liblapack: '>=3.9.0,<4.0a0'
    libstdcxx-ng: '>=12'
    python: '>=3.10,<3.11.0a0'
    python_abi: 3.10.* *_cp310
  hash:
    md5: 3b114b1559def8bad228fec544ac1812
    sha256: c3b2dc03dbae88ae1337e37e672aa44008898395d3508839bf35323b54e71665
  manager: conda
  name: numpy
  optional: false
  platform: linux-64
  url: https://conda.anaconda.org/conda-forge/linux-64/numpy-1.23.5-py310h53a5b5f_0.conda
  version: 1.23.5
- category: main
  dependencies:
    python: '>=3.6'
  hash:
    md5: b1f26ad83328e486910ef7f6e81dc061
    sha256: d82fa6df6707afaf7e9f7034c810ced6e5c2b313ce9bf49eeee613b0711da0ab
  manager: conda
  name: pytz
  optional: false
  platform: linux-64
  url: https://conda.anaconda.org/conda-forge/noarch/pytz-2022.6-pyhd8ed1ab_0.tar.bz2
  version: '2022.6'
- category: main
  dependencies:
    python: ''
  hash:
    md5: 7dd824593f3a861130ac17c6571546e2
    sha256: e7e628c1247b096e3af147b1c32d5ac328266fa95656e27b79f71bb410251356
  manager: conda
  name: pytzdata
  optional: false
  platform: linux-64
  url: https://conda.anaconda.org/conda-forge/noarch/pytzdata-2020.1-pyh9f0ad1d_0.tar.bz2
  version: '2020.1'
- category: main
  dependencies:
    python: '>=3.4'
  hash:
    md5: ee18e8644b953e8900282b2ef2a8c5a1
    sha256: ba27ce701f043d1281ca015f2c58850c384435da0effc698e131891c2067a1f0
  manager: conda
  name: rfc3986
  optional: false
  platform: linux-64
  url: https://conda.anaconda.org/conda-forge/noarch/rfc3986-1.5.0-pyhd8ed1ab_0.tar.bz2
  version: 1.5.0
- category: main
  dependencies:
    libgcc-ng: '>=12'
    python: '>=3.10,<3.11.0a0'
    python_abi: 3.10.* *_cp310
  hash:
    md5: 2f9b517412af46255cef5e53a22c264e
    sha256: 4a74013e0e9dd6fa984a10edb53276cf42308d99404375b81548af019bfd068d
  manager: conda
  name: ruamel.yaml.clib
  optional: false
  platform: linux-64
  url: https://conda.anaconda.org/conda-forge/linux-64/ruamel.yaml.clib-0.2.7-py310h1fa729e_1.conda
  version: 0.2.7
- category: main
  dependencies:
    python: '>=3.7'
  hash:
    md5: cfb8dc4d9d285ca5fb1177b9dd450e33
    sha256: 55521371cfbd1bc046c362a108f9b8e294c35604896757659c6fb6765b6955c2
  manager: conda
  name: setuptools
  optional: false
  platform: linux-64
  url: https://conda.anaconda.org/conda-forge/noarch/setuptools-65.5.1-pyhd8ed1ab_0.tar.bz2
  version: 65.5.1
- category: main
  dependencies:
    python: ''
  hash:
    md5: e5f25f8dbc060e9a8d912e432202afc2
    sha256: a85c38227b446f42c5b90d9b642f2c0567880c15d72492d8da074a59c8f91dd6
  manager: conda
  name: six
  optional: false
  platform: linux-64
  url: https://conda.anaconda.org/conda-forge/noarch/six-1.16.0-pyh6c4a22f_0.tar.bz2
  version: 1.16.0
- category: main
  dependencies:
    python: '>=3.7'
  hash:
    md5: dd6cbc539e74cb1f430efbd4575b9303
    sha256: a3fd30754c20ddb28b777db38345ea00d958f46701f0decd6291a81c0f4eee78
  manager: conda
  name: sniffio
  optional: false
  platform: linux-64
  url: https://conda.anaconda.org/conda-forge/noarch/sniffio-1.3.0-pyhd8ed1ab_0.tar.bz2
  version: 1.3.0
- category: main
  dependencies:
    python: '>=2.7'
  hash:
    md5: f832c45a477c78bebd107098db465095
    sha256: f0f3d697349d6580e4c2f35ba9ce05c65dc34f9f049e85e45da03800b46139c1
  manager: conda
  name: toml
  optional: false
  platform: linux-64
  url: https://conda.anaconda.org/conda-forge/noarch/toml-0.10.2-pyhd8ed1ab_0.tar.bz2
  version: 0.10.2
- category: main
  dependencies:
    python: '>=3.7'
  hash:
    md5: 2d93b130d148d7fc77e583677792fc6a
    sha256: 70c57b5ac94cd32e78f1a2fa2c38572bfac85b901a6a99aa254a9e8e126c132d
  manager: conda
  name: typing_extensions
  optional: false
  platform: linux-64
  url: https://conda.anaconda.org/conda-forge/noarch/typing_extensions-4.4.0-pyha770c72_0.tar.bz2
  version: 4.4.0
- category: main
  dependencies:
    python: '>=3.7'
  hash:
    md5: c829cfb8cb826acb9de0ac1a2df0a940
    sha256: bd4f11ff075ff251ade9f57686f31473e25be46ab282d9603f551401250f9f44
  manager: conda
  name: wheel
  optional: false
  platform: linux-64
  url: https://conda.anaconda.org/conda-forge/noarch/wheel-0.38.4-pyhd8ed1ab_0.tar.bz2
  version: 0.38.4
- category: main
  dependencies:
    libgcc-ng: '>=12'
    python: '>=3.10,<3.11.0a0'
    python_abi: 3.10.* *_cp310
  hash:
    md5: 49c8664940fe2f6124193ba3cc32ca20
    sha256: a24e644d8a07fad83045f35bf0e0088f813257a45b429cbc43e59394e07d2f62
  manager: conda
  name: wrapt
  optional: false
  platform: linux-64
  url: https://conda.anaconda.org/conda-forge/linux-64/wrapt-1.14.1-py310h5764c6d_1.tar.bz2
  version: 1.14.1
- category: main
  dependencies:
    idna: '>=2.8'
    python: '>=3.7'
    sniffio: '>=1.1'
    typing_extensions: ''
  hash:
    md5: 8ada050fa88f26916fc1e76e368a49fd
    sha256: fd75e43157315b02a816d8feddd6da6fffe84d4c78e6429cf017e366b54bcb74
  manager: conda
  name: anyio
  optional: false
  platform: linux-64
  url: https://conda.anaconda.org/conda-forge/noarch/anyio-3.6.2-pyhd8ed1ab_0.tar.bz2
  version: 3.6.2
- category: main
  dependencies:
    boost-cpp: 1.80.0.*
    libgcc-ng: '>=12'
    libstdcxx-ng: '>=12'
    numpy: '>=1.21.6,<2.0a0'
    python: '>=3.10,<3.11.0a0'
    python_abi: 3.10.* *_cp310
  hash:
    md5: 0a4d8b3a66f5d0c1edfa4231b2b96fcf
    sha256: 40a8b87c03b4241c4f68d7b8df37b95279561c371c5e482f5131d7743e43c2f9
  manager: conda
  name: boost
  optional: false
  platform: linux-64
  url: https://conda.anaconda.org/conda-forge/linux-64/boost-1.80.0-py310hc4a4660_4.tar.bz2
  version: 1.80.0
- category: main
  dependencies:
    python: '>=3'
    typing_extensions: ''
  hash:
    md5: b21ed0883505ba1910994f1df031a428
    sha256: 817d2c77d53afe3f3d9cf7f6eb8745cdd8ea76c7adaa9d7ced75c455a2c2c085
  manager: conda
  name: h11
  optional: false
  platform: linux-64
  url: https://conda.anaconda.org/conda-forge/noarch/h11-0.14.0-pyhd8ed1ab_0.tar.bz2
  version: 0.14.0
- category: main
  dependencies:
    hpack: '>=4.0,<5'
    hyperframe: '>=6.0,<7'
    python: '>=3.6.1'
  hash:
    md5: b748fbf7060927a6e82df7cb5ee8f097
    sha256: bfc6a23849953647f4e255c782e74a0e18fe16f7e25c7bb0bc57b83bb6762c7a
  manager: conda
  name: h2
  optional: false
  platform: linux-64
  url: https://conda.anaconda.org/conda-forge/noarch/h2-4.1.0-pyhd8ed1ab_0.tar.bz2
  version: 4.1.0
- category: main
  dependencies:
    python: '>=3.7'
    setuptools: ''
    wheel: ''
  hash:
    md5: da66f2851b9836d3a7c5190082a45f7d
    sha256: 7a86b2427abbf5cf695da192ba1c03130115f157297e7bfde65f0a18a345a7bc
  manager: conda
  name: pip
  optional: false
  platform: linux-64
  url: https://conda.anaconda.org/conda-forge/noarch/pip-22.3.1-pyhd8ed1ab_0.tar.bz2
  version: 22.3.1
- category: main
  dependencies:
    python: '>=3.6'
    six: '>=1.5'
  hash:
    md5: dd999d1cc9f79e67dbb855c8924c7984
    sha256: 54d7785c7678166aa45adeaccfc1d2b8c3c799ca2dc05d4a82bb39b1968bd7da
  manager: conda
  name: python-dateutil
  optional: false
  platform: linux-64
  url: https://conda.anaconda.org/conda-forge/noarch/python-dateutil-2.8.2-pyhd8ed1ab_0.tar.bz2
  version: 2.8.2
- category: main
  dependencies:
    libgcc-ng: '>=12'
    python: '>=3.10,<3.11.0a0'
    python_abi: 3.10.* *_cp310
    ruamel.yaml.clib: '>=0.1.2'
    setuptools: ''
  hash:
    md5: 93643151fba5c31c676effdd7661f075
    sha256: d78bd1f789a1a79be1f76a8025476e1fcf72fe9becdaf23ec9e1c4bbc67eebf8
  manager: conda
  name: ruamel.yaml
  optional: false
  platform: linux-64
  url: https://conda.anaconda.org/conda-forge/linux-64/ruamel.yaml-0.17.21-py310h5764c6d_2.tar.bz2
  version: 0.17.21
- category: main
  dependencies:
    anyio: '>=3.0,<5.0'
    certifi: ''
    h11: '>=0.13,<0.15'
    h2: '>=3,<5'
    python: '>=3.7'
    sniffio: 1.*
  hash:
    md5: f48664c89e216d8ece13cfe6d91b8c30
    sha256: d062c9e0f30be8b2f5a1480368a5a23b66c850b130b6691f6b710f79e6b0f5cc
  manager: conda
  name: httpcore
  optional: false
  platform: linux-64
  url: https://conda.anaconda.org/conda-forge/noarch/httpcore-0.16.2-pyhd8ed1ab_0.conda
  version: 0.16.2
- category: main
  dependencies:
    libgcc-ng: '>=12'
    libstdcxx-ng: '>=12'
    numpy: '>=1.21.6,<2.0a0'
    python: '>=3.10,<3.11.0a0'
    python-dateutil: '>=2.8.1'
    python_abi: 3.10.* *_cp310
    pytz: '>=2020.1'
  hash:
    md5: bc363997d22f3b058fb17f1e89d4c96f
    sha256: 9fc01e4b920cee9ce2974a2d16dbacc5b86db3d12825fe8b25ff2adf4c80a362
  manager: conda
  name: pandas
  optional: false
  platform: linux-64
  url: https://conda.anaconda.org/conda-forge/linux-64/pandas-1.5.2-py310h769672d_0.conda
  version: 1.5.2
- category: main
  dependencies:
    libgcc-ng: '>=12'
    python: '>=3.10,<3.11.0a0'
    python-dateutil: '>=2.6,<3.0'
    python_abi: 3.10.* *_cp310
    pytzdata: '>=2020.1'
  hash:
    md5: d0a481d25d53bfa27b95341d17da86e1
    sha256: 07ca93deb1bb35eaa692caa5ba3876bca70dab8faef395f3e5b0f5ef349a7534
  manager: conda
  name: pendulum
  optional: false
  platform: linux-64
  url: https://conda.anaconda.org/conda-forge/linux-64/pendulum-2.1.2-py310h5764c6d_5.tar.bz2
  version: 2.1.2
- category: main
  dependencies:
    libgcc-ng: '>=12'
    pip: ''
    python: '>=3.10,<3.11.0a0'
    python_abi: 3.10.* *_cp310
    ruamel.yaml: ''
    toml: ''
  hash:
    md5: dbd6610095d8c925a4fd4e034903fbc0
    sha256: 274ed3c47b9b85befe8dbd837f8247f1d3f152ff62ee4453c72c8679c6b631f5
  manager: conda
  name: python-box
  optional: false
  platform: linux-64
  url: https://conda.anaconda.org/conda-forge/linux-64/python-box-6.1.0-py310h5764c6d_0.tar.bz2
  version: 6.1.0
- category: main
  dependencies:
    certifi: ''
    httpcore: '>=0.15.0,<0.17.0'
    idna: ''
    python: '>=3.8'
    rfc3986: '>=1.3,<2'
    sniffio: ''
  hash:
    md5: 5e8bd9a1322cdb20da734071ac377e45
    sha256: 7244694a2cddbb9b5612d058e28c9dfa43590c7d9808d4872ab71a6db3e397f1
  manager: conda
  name: httpx
  optional: false
  platform: linux-64
  url: https://conda.anaconda.org/conda-forge/noarch/httpx-0.23.1-pyhd8ed1ab_1.conda
  version: 0.23.1
version: 1
